
Microsoft Visual Studio Solution File, Format Version 12.00
# Visual Studio Version 17
VisualStudioVersion = 17.4.33213.308
MinimumVisualStudioVersion = 10.0.40219.1
Project("{9A19103F-16F7-4668-BE54-9A1E7A4F7556}") = "API_Test_Store", "API_Test_Store\API_Test_Store.csproj", "{E05EFEC2-4902-4310-A67A-D453289D4FB9}"
EndProject
Project("{9A19103F-16F7-4668-BE54-9A1E7A4F7556}") = "Business", "Business\Business.csproj", "{63A3252B-EC6A-4DAE-B7AF-4E757CB9D096}"
EndProject
Project("{9A19103F-16F7-4668-BE54-9A1E7A4F7556}") = "Data", "Data\Data.csproj", "{BF519D92-27D4-417D-B696-2F0FB3D7CA05}"
EndProject
Project("{9A19103F-16F7-4668-BE54-9A1E7A4F7556}") = "ViewModels", "ViewModels\ViewModels.csproj", "{935B1696-8A28-496F-86E8-C06D5799452A}"
EndProject
Project("{2150E333-8FDC-42A3-9474-1A3956D46DE8}") = "Application", "Application", "{FD230D8F-80C8-47C5-A684-F3E002C780BC}"
EndProject
Project("{9A19103F-16F7-4668-BE54-9A1E7A4F7556}") = "Services", "Services\Services.csproj", "{E1A5C2F1-1792-4F96-ACD2-B6A9AD97A14D}"
EndProject
Project("{9A19103F-16F7-4668-BE54-9A1E7A4F7556}") = "Mappers", "Mappers\Mappers.csproj", "{E45FC7CC-E5A4-470B-BAC9-69C6929E3061}"
EndProject
Project("{9A19103F-16F7-4668-BE54-9A1E7A4F7556}") = "Extensions", "Extensions\Extensions.csproj", "{D7921764-8332-4388-8994-ED56BA816BA6}"
EndProject
Project("{2150E333-8FDC-42A3-9474-1A3956D46DE8}") = "Tests", "Tests", "{B1270123-CD40-42CF-BC84-B8885B5CAC75}"
EndProject
Project("{FAE04EC0-301F-11D3-BF4B-00C04F79EFBC}") = "Tests", "Tests\Tests.csproj", "{DFBE1120-BACE-4C66-9CE0-D290C7D287A0}"
EndProject
Global
	GlobalSection(SolutionConfigurationPlatforms) = preSolution
		Debug|Any CPU = Debug|Any CPU
		Release|Any CPU = Release|Any CPU
	EndGlobalSection
	GlobalSection(ProjectConfigurationPlatforms) = postSolution
		{E05EFEC2-4902-4310-A67A-D453289D4FB9}.Debug|Any CPU.ActiveCfg = Debug|Any CPU
		{E05EFEC2-4902-4310-A67A-D453289D4FB9}.Debug|Any CPU.Build.0 = Debug|Any CPU
		{E05EFEC2-4902-4310-A67A-D453289D4FB9}.Release|Any CPU.ActiveCfg = Release|Any CPU
		{E05EFEC2-4902-4310-A67A-D453289D4FB9}.Release|Any CPU.Build.0 = Release|Any CPU
		{63A3252B-EC6A-4DAE-B7AF-4E757CB9D096}.Debug|Any CPU.ActiveCfg = Debug|Any CPU
		{63A3252B-EC6A-4DAE-B7AF-4E757CB9D096}.Debug|Any CPU.Build.0 = Debug|Any CPU
		{63A3252B-EC6A-4DAE-B7AF-4E757CB9D096}.Release|Any CPU.ActiveCfg = Release|Any CPU
		{63A3252B-EC6A-4DAE-B7AF-4E757CB9D096}.Release|Any CPU.Build.0 = Release|Any CPU
		{BF519D92-27D4-417D-B696-2F0FB3D7CA05}.Debug|Any CPU.ActiveCfg = Debug|Any CPU
		{BF519D92-27D4-417D-B696-2F0FB3D7CA05}.Debug|Any CPU.Build.0 = Debug|Any CPU
		{BF519D92-27D4-417D-B696-2F0FB3D7CA05}.Release|Any CPU.ActiveCfg = Release|Any CPU
		{BF519D92-27D4-417D-B696-2F0FB3D7CA05}.Release|Any CPU.Build.0 = Release|Any CPU
		{935B1696-8A28-496F-86E8-C06D5799452A}.Debug|Any CPU.ActiveCfg = Debug|Any CPU
		{935B1696-8A28-496F-86E8-C06D5799452A}.Debug|Any CPU.Build.0 = Debug|Any CPU
		{935B1696-8A28-496F-86E8-C06D5799452A}.Release|Any CPU.ActiveCfg = Release|Any CPU
		{935B1696-8A28-496F-86E8-C06D5799452A}.Release|Any CPU.Build.0 = Release|Any CPU
		{E1A5C2F1-1792-4F96-ACD2-B6A9AD97A14D}.Debug|Any CPU.ActiveCfg = Debug|Any CPU
		{E1A5C2F1-1792-4F96-ACD2-B6A9AD97A14D}.Debug|Any CPU.Build.0 = Debug|Any CPU
		{E1A5C2F1-1792-4F96-ACD2-B6A9AD97A14D}.Release|Any CPU.ActiveCfg = Release|Any CPU
		{E1A5C2F1-1792-4F96-ACD2-B6A9AD97A14D}.Release|Any CPU.Build.0 = Release|Any CPU
		{E45FC7CC-E5A4-470B-BAC9-69C6929E3061}.Debug|Any CPU.ActiveCfg = Debug|Any CPU
		{E45FC7CC-E5A4-470B-BAC9-69C6929E3061}.Debug|Any CPU.Build.0 = Debug|Any CPU
		{E45FC7CC-E5A4-470B-BAC9-69C6929E3061}.Release|Any CPU.ActiveCfg = Release|Any CPU
		{E45FC7CC-E5A4-470B-BAC9-69C6929E3061}.Release|Any CPU.Build.0 = Release|Any CPU
		{D7921764-8332-4388-8994-ED56BA816BA6}.Debug|Any CPU.ActiveCfg = Debug|Any CPU
		{D7921764-8332-4388-8994-ED56BA816BA6}.Debug|Any CPU.Build.0 = Debug|Any CPU
		{D7921764-8332-4388-8994-ED56BA816BA6}.Release|Any CPU.ActiveCfg = Release|Any CPU
		{D7921764-8332-4388-8994-ED56BA816BA6}.Release|Any CPU.Build.0 = Release|Any CPU
		{DFBE1120-BACE-4C66-9CE0-D290C7D287A0}.Debug|Any CPU.ActiveCfg = Debug|Any CPU
		{DFBE1120-BACE-4C66-9CE0-D290C7D287A0}.Debug|Any CPU.Build.0 = Debug|Any CPU
		{DFBE1120-BACE-4C66-9CE0-D290C7D287A0}.Release|Any CPU.ActiveCfg = Release|Any CPU
		{DFBE1120-BACE-4C66-9CE0-D290C7D287A0}.Release|Any CPU.Build.0 = Release|Any CPU
	EndGlobalSection
	GlobalSection(SolutionProperties) = preSolution
		HideSolutionNode = FALSE
	EndGlobalSection
	GlobalSection(NestedProjects) = preSolution
		{63A3252B-EC6A-4DAE-B7AF-4E757CB9D096} = {FD230D8F-80C8-47C5-A684-F3E002C780BC}
		{BF519D92-27D4-417D-B696-2F0FB3D7CA05} = {FD230D8F-80C8-47C5-A684-F3E002C780BC}
		{935B1696-8A28-496F-86E8-C06D5799452A} = {FD230D8F-80C8-47C5-A684-F3E002C780BC}
		{D7921764-8332-4388-8994-ED56BA816BA6} = {FD230D8F-80C8-47C5-A684-F3E002C780BC}
		{DFBE1120-BACE-4C66-9CE0-D290C7D287A0} = {B1270123-CD40-42CF-BC84-B8885B5CAC75}
	EndGlobalSection
	GlobalSection(ExtensibilityGlobals) = postSolution
		SolutionGuid = {8B042E15-F84F-47A4-9662-C90821661B08}
	EndGlobalSection
EndGlobal
